# THIS IS AN AUTOGENERATED FILE. DO NOT EDIT THIS FILE DIRECTLY.
# yarn lockfile v1


"@vue-leaflet/vue-leaflet@^0.6.1":
  version "0.6.1"
  resolved "https://registry.yarnpkg.com/@vue-leaflet/vue-leaflet/-/vue-leaflet-0.6.1.tgz#d731a5d2256d049e345f58330616180191d88b12"
  integrity sha512-/sm0bdrdftXh5nSGEPsoKrJI1D/GtKiEsBo9X/TA2yu4lYTDcaem6U4t1Ea5CoLleiZRCNUrZr9PG/xHdUPXYA==
